
Microsoft Visual Studio Solution File, Format Version 12.00
Project("{FAE04EC0-301F-11D3-BF4B-00C04F79EFBC}") = "Articles.API", "Articles.API\Articles.API.csproj", "{8CE50482-B4FE-4207-94EB-9B40A4C5B356}"
EndProject
Project("{FAE04EC0-301F-11D3-BF4B-00C04F79EFBC}") = "Writers.API", "Writers.API\Writers.API.csproj", "{D1D8871F-AD68-4381-AE6A-D20ABDC6C044}"
EndProject
Project("{FAE04EC0-301F-11D3-BF4B-00C04F79EFBC}") = "ApiGateway", "ApiGateway\ApiGateway.csproj", "{19B7D64F-8AAF-4AC5-B368-1C30415A8DC2}"
EndProject
Global
	GlobalSection(SolutionConfigurationPlatforms) = preSolution
		Debug|Any CPU = Debug|Any CPU
		Release|Any CPU = Release|Any CPU
	EndGlobalSection
	GlobalSection(ProjectConfigurationPlatforms) = postSolution
		{8CE50482-B4FE-4207-94EB-9B40A4C5B356}.Debug|Any CPU.ActiveCfg = Debug|Any CPU
		{8CE50482-B4FE-4207-94EB-9B40A4C5B356}.Debug|Any CPU.Build.0 = Debug|Any CPU
		{8CE50482-B4FE-4207-94EB-9B40A4C5B356}.Release|Any CPU.ActiveCfg = Release|Any CPU
		{8CE50482-B4FE-4207-94EB-9B40A4C5B356}.Release|Any CPU.Build.0 = Release|Any CPU
		{D1D8871F-AD68-4381-AE6A-D20ABDC6C044}.Debug|Any CPU.ActiveCfg = Debug|Any CPU
		{D1D8871F-AD68-4381-AE6A-D20ABDC6C044}.Debug|Any CPU.Build.0 = Debug|Any CPU
		{D1D8871F-AD68-4381-AE6A-D20ABDC6C044}.Release|Any CPU.ActiveCfg = Release|Any CPU
		{D1D8871F-AD68-4381-AE6A-D20ABDC6C044}.Release|Any CPU.Build.0 = Release|Any CPU
		{19B7D64F-8AAF-4AC5-B368-1C30415A8DC2}.Debug|Any CPU.ActiveCfg = Debug|Any CPU
		{19B7D64F-8AAF-4AC5-B368-1C30415A8DC2}.Debug|Any CPU.Build.0 = Debug|Any CPU
		{19B7D64F-8AAF-4AC5-B368-1C30415A8DC2}.Release|Any CPU.ActiveCfg = Release|Any CPU
		{19B7D64F-8AAF-4AC5-B368-1C30415A8DC2}.Release|Any CPU.Build.0 = Release|Any CPU
	EndGlobalSection
EndGlobal
